
Microsoft Visual Studio Solution File, Format Version 12.00
# Visual Studio 15
VisualStudioVersion = 15.0.28307.852
MinimumVisualStudioVersion = 10.0.40219.1
Project("{FAE04EC0-301F-11D3-BF4B-00C04F79EFBC}") = "Opgave5TCP", "Opgave5TCP\Opgave5TCP.csproj", "{C06EBF71-512E-40DE-897F-A46BF884FE70}"
EndProject
Global
	GlobalSection(SolutionConfigurationPlatforms) = preSolution
		Debug|Any CPU = Debug|Any CPU
		Release|Any CPU = Release|Any CPU
	EndGlobalSection
	GlobalSection(ProjectConfigurationPlatforms) = postSolution
		{C06EBF71-512E-40DE-897F-A46BF884FE70}.Debug|Any CPU.ActiveCfg = Debug|Any CPU
		{C06EBF71-512E-40DE-897F-A46BF884FE70}.Debug|Any CPU.Build.0 = Debug|Any CPU
		{C06EBF71-512E-40DE-897F-A46BF884FE70}.Release|Any CPU.ActiveCfg = Release|Any CPU
		{C06EBF71-512E-40DE-897F-A46BF884FE70}.Release|Any CPU.Build.0 = Release|Any CPU
	EndGlobalSection
	GlobalSection(SolutionProperties) = preSolution
		HideSolutionNode = FALSE
	EndGlobalSection
	GlobalSection(ExtensibilityGlobals) = postSolution
		SolutionGuid = {A77953F0-A104-4199-8729-E21440FFA8F2}
	EndGlobalSection
EndGlobal
